// !$*UTF8*$!
{
	archiveVersion = 1;
	classes = {
	};
	objectVersion = 50;
	objects = {

/* Begin PBXBuildFile section */
		D386ACE72466CB2100FA77DF /* ViewController.swift in Sources */ = {isa = PBXBuildFile; fileRef = D386ACDE2466CB2100FA77DF /* ViewController.swift */; };
		D386ACEB2466CB2100FA77DF /* AppDelegate.swift in Sources */ = {isa = PBXBuildFile; fileRef = D386ACE42466CB2100FA77DF /* AppDelegate.swift */; };
		D386ACED2466CB2100FA77DF /* SceneDelegate.swift in Sources */ = {isa = PBXBuildFile; fileRef = D386ACE62466CB2100FA77DF /* SceneDelegate.swift */; };
		D3C3975D2466D63F00CE8527 /* Assets.xcassets in Resources */ = {isa = PBXBuildFile; fileRef = D3C397522466D5E500CE8527 /* Assets.xcassets */; };
		D3C3975E2466D64100CE8527 /* LaunchScreen.storyboard in Resources */ = {isa = PBXBuildFile; fileRef = D3C397532466D5E500CE8527 /* LaunchScreen.storyboard */; };
		D3C3975F2466D64300CE8527 /* Main.storyboard in Resources */ = {isa = PBXBuildFile; fileRef = D3C397552466D5E500CE8527 /* Main.storyboard */; };
		D3C397612466D72800CE8527 /* IFImage+Mock.swift in Sources */ = {isa = PBXBuildFile; fileRef = D3C397602466D72800CE8527 /* IFImage+Mock.swift */; };
		D3C397682466D7DA00CE8527 /* Image1.jpeg in Resources */ = {isa = PBXBuildFile; fileRef = D3C397632466D7DA00CE8527 /* Image1.jpeg */; };
		D3C397692466D7DA00CE8527 /* Image4.jpeg in Resources */ = {isa = PBXBuildFile; fileRef = D3C397642466D7DA00CE8527 /* Image4.jpeg */; };
		D3C3976A2466D7DA00CE8527 /* Image5.jpeg in Resources */ = {isa = PBXBuildFile; fileRef = D3C397652466D7DA00CE8527 /* Image5.jpeg */; };
		D3C3976B2466D7DA00CE8527 /* Image2.jpeg in Resources */ = {isa = PBXBuildFile; fileRef = D3C397662466D7DA00CE8527 /* Image2.jpeg */; };
		D3C3976C2466D7DA00CE8527 /* Image3.jpeg in Resources */ = {isa = PBXBuildFile; fileRef = D3C397672466D7DA00CE8527 /* Image3.jpeg */; };
/* End PBXBuildFile section */

/* Begin PBXCopyFilesBuildPhase section */
		D3D587882466E84A00E7A786 /* Embed Frameworks */ = {
			isa = PBXCopyFilesBuildPhase;
			buildActionMask = 2147483647;
			dstPath = "";
			dstSubfolderSpec = 10;
			files = (
			);
			name = "Embed Frameworks";
			runOnlyForDeploymentPostprocessing = 0;
		};
/* End PBXCopyFilesBuildPhase section */

/* Begin PBXFileReference section */
		D386ACC62466C9F500FA77DF /* ImageUIDemo.app */ = {isa = PBXFileReference; explicitFileType = wrapper.application; includeInIndex = 0; path = ImageUIDemo.app; sourceTree = BUILT_PRODUCTS_DIR; };
		D386ACDE2466CB2100FA77DF /* ViewController.swift */ = {isa = PBXFileReference; fileEncoding = 4; lastKnownFileType = sourcecode.swift; path = ViewController.swift; sourceTree = "<group>"; };
		D386ACE42466CB2100FA77DF /* AppDelegate.swift */ = {isa = PBXFileReference; fileEncoding = 4; lastKnownFileType = sourcecode.swift; path = AppDelegate.swift; sourceTree = "<group>"; };
		D386ACE62466CB2100FA77DF /* SceneDelegate.swift */ = {isa = PBXFileReference; fileEncoding = 4; lastKnownFileType = sourcecode.swift; path = SceneDelegate.swift; sourceTree = "<group>"; };
		D3C397522466D5E500CE8527 /* Assets.xcassets */ = {isa = PBXFileReference; lastKnownFileType = folder.assetcatalog; path = Assets.xcassets; sourceTree = "<group>"; };
		D3C397542466D5E500CE8527 /* Base */ = {isa = PBXFileReference; lastKnownFileType = file.storyboard; name = Base; path = Base.lproj/LaunchScreen.storyboard; sourceTree = "<group>"; };
		D3C397562466D5E500CE8527 /* Base */ = {isa = PBXFileReference; lastKnownFileType = file.storyboard; name = Base; path = Base.lproj/Main.storyboard; sourceTree = "<group>"; };
		D3C397572466D5E500CE8527 /* Info.plist */ = {isa = PBXFileReference; fileEncoding = 4; lastKnownFileType = text.plist.xml; path = Info.plist; sourceTree = "<group>"; };
		D3C397602466D72800CE8527 /* IFImage+Mock.swift */ = {isa = PBXFileReference; lastKnownFileType = sourcecode.swift; path = "IFImage+Mock.swift"; sourceTree = "<group>"; };
		D3C397632466D7DA00CE8527 /* Image1.jpeg */ = {isa = PBXFileReference; lastKnownFileType = image.jpeg; path = Image1.jpeg; sourceTree = "<group>"; };
		D3C397642466D7DA00CE8527 /* Image4.jpeg */ = {isa = PBXFileReference; lastKnownFileType = image.jpeg; path = Image4.jpeg; sourceTree = "<group>"; };
		D3C397652466D7DA00CE8527 /* Image5.jpeg */ = {isa = PBXFileReference; lastKnownFileType = image.jpeg; path = Image5.jpeg; sourceTree = "<group>"; };
		D3C397662466D7DA00CE8527 /* Image2.jpeg */ = {isa = PBXFileReference; lastKnownFileType = image.jpeg; path = Image2.jpeg; sourceTree = "<group>"; };
		D3C397672466D7DA00CE8527 /* Image3.jpeg */ = {isa = PBXFileReference; lastKnownFileType = image.jpeg; path = Image3.jpeg; sourceTree = "<group>"; };
		D3D5876A2466E83E00E7A786 /* IFCollectionViewController.swift */ = {isa = PBXFileReference; lastKnownFileType = sourcecode.swift; path = IFCollectionViewController.swift; sourceTree = "<group>"; };
		D3D5876B2466E83E00E7A786 /* IFCollectionView.swift */ = {isa = PBXFileReference; lastKnownFileType = sourcecode.swift; path = IFCollectionView.swift; sourceTree = "<group>"; };
		D3D5876C2466E83E00E7A786 /* IFCollectionViewFlowLayout.swift */ = {isa = PBXFileReference; lastKnownFileType = sourcecode.swift; path = IFCollectionViewFlowLayout.swift; sourceTree = "<group>"; };
		D3D5876D2466E83E00E7A786 /* IFScrollViewBouncingManager.swift */ = {isa = PBXFileReference; lastKnownFileType = sourcecode.swift; path = IFScrollViewBouncingManager.swift; sourceTree = "<group>"; };
		D3D5876E2466E83E00E7A786 /* IFCollectionViewCell.swift */ = {isa = PBXFileReference; lastKnownFileType = sourcecode.swift; path = IFCollectionViewCell.swift; sourceTree = "<group>"; };
		D3D5876F2466E83E00E7A786 /* IFBrowserViewController.swift */ = {isa = PBXFileReference; lastKnownFileType = sourcecode.swift; path = IFBrowserViewController.swift; sourceTree = "<group>"; };
		D3D587712466E83E00E7A786 /* IFImage.swift */ = {isa = PBXFileReference; lastKnownFileType = sourcecode.swift; path = IFImage.swift; sourceTree = "<group>"; };
		D3D587722466E83E00E7A786 /* IFSharingImage.swift */ = {isa = PBXFileReference; lastKnownFileType = sourcecode.swift; path = IFSharingImage.swift; sourceTree = "<group>"; };
		D3D587742466E83E00E7A786 /* Collection+.swift */ = {isa = PBXFileReference; lastKnownFileType = sourcecode.swift; path = "Collection+.swift"; sourceTree = "<group>"; };
		D3D587752466E83E00E7A786 /* UIView+.swift */ = {isa = PBXFileReference; lastKnownFileType = sourcecode.swift; path = "UIView+.swift"; sourceTree = "<group>"; };
		D3D587762466E83E00E7A786 /* UIImage+.swift */ = {isa = PBXFileReference; lastKnownFileType = sourcecode.swift; path = "UIImage+.swift"; sourceTree = "<group>"; };
		D3D587772466E83E00E7A786 /* IFImageManager.swift */ = {isa = PBXFileReference; lastKnownFileType = sourcecode.swift; path = IFImageManager.swift; sourceTree = "<group>"; };
		D3D587792466E83E00E7A786 /* IFPageViewController.swift */ = {isa = PBXFileReference; lastKnownFileType = sourcecode.swift; path = IFPageViewController.swift; sourceTree = "<group>"; };
		D3D5877A2466E83E00E7A786 /* IFImageViewController.swift */ = {isa = PBXFileReference; lastKnownFileType = sourcecode.swift; path = IFImageViewController.swift; sourceTree = "<group>"; };
/* End PBXFileReference section */

/* Begin PBXFrameworksBuildPhase section */
		D386ACC32466C9F500FA77DF /* Frameworks */ = {
			isa = PBXFrameworksBuildPhase;
			buildActionMask = 2147483647;
			files = (
			);
			runOnlyForDeploymentPostprocessing = 0;
		};
/* End PBXFrameworksBuildPhase section */

/* Begin PBXGroup section */
		D386ACBD2466C9F500FA77DF = {
			isa = PBXGroup;
			children = (
				D386ACC72466C9F500FA77DF /* Products */,
				D3C397622466D7DA00CE8527 /* Resources */,
				D386ACDD2466CB2100FA77DF /* Sources */,
				D3D5873F2466E83E00E7A786 /* Frameworks */,
			);
			sourceTree = "<group>";
		};
		D386ACC72466C9F500FA77DF /* Products */ = {
			isa = PBXGroup;
			children = (
				D386ACC62466C9F500FA77DF /* ImageUIDemo.app */,
			);
			name = Products;
			sourceTree = "<group>";
		};
		D386ACDD2466CB2100FA77DF /* Sources */ = {
			isa = PBXGroup;
			children = (
				D386ACE42466CB2100FA77DF /* AppDelegate.swift */,
				D386ACE62466CB2100FA77DF /* SceneDelegate.swift */,
				D386ACDE2466CB2100FA77DF /* ViewController.swift */,
				D3C397602466D72800CE8527 /* IFImage+Mock.swift */,
				D3C397512466D5E500CE8527 /* Supporting Files */,
			);
			path = Sources;
			sourceTree = "<group>";
		};
		D3C397512466D5E500CE8527 /* Supporting Files */ = {
			isa = PBXGroup;
			children = (
				D3C397522466D5E500CE8527 /* Assets.xcassets */,
				D3C397532466D5E500CE8527 /* LaunchScreen.storyboard */,
				D3C397552466D5E500CE8527 /* Main.storyboard */,
				D3C397572466D5E500CE8527 /* Info.plist */,
			);
			path = "Supporting Files";
			sourceTree = "<group>";
		};
		D3C397622466D7DA00CE8527 /* Resources */ = {
			isa = PBXGroup;
			children = (
				D3C397632466D7DA00CE8527 /* Image1.jpeg */,
				D3C397642466D7DA00CE8527 /* Image4.jpeg */,
				D3C397652466D7DA00CE8527 /* Image5.jpeg */,
				D3C397662466D7DA00CE8527 /* Image2.jpeg */,
				D3C397672466D7DA00CE8527 /* Image3.jpeg */,
			);
			path = Resources;
			sourceTree = "<group>";
		};
		D3D5873F2466E83E00E7A786 /* Frameworks */ = {
			isa = PBXGroup;
			children = (
				D3D587402466E83E00E7A786 /* ImageUI */,
			);
			name = Frameworks;
			sourceTree = "<group>";
		};
		D3D587402466E83E00E7A786 /* ImageUI */ = {
			isa = PBXGroup;
			children = (
				D3D587682466E83E00E7A786 /* Sources */,
			);
			name = ImageUI;
			path = ..;
			sourceTree = "<group>";
		};
		D3D587682466E83E00E7A786 /* Sources */ = {
			isa = PBXGroup;
			children = (
				D3D5876F2466E83E00E7A786 /* IFBrowserViewController.swift */,
				D3D587772466E83E00E7A786 /* IFImageManager.swift */,
				D3D587692466E83E00E7A786 /* Collection View Controller */,
				D3D587732466E83E00E7A786 /* Extensions */,
				D3D587702466E83E00E7A786 /* Image */,
				D3D587782466E83E00E7A786 /* Page View Controller */,
			);
			path = Sources;
			sourceTree = "<group>";
		};
		D3D587692466E83E00E7A786 /* Collection View Controller */ = {
			isa = PBXGroup;
			children = (
				D3D5876A2466E83E00E7A786 /* IFCollectionViewController.swift */,
				D3D5876B2466E83E00E7A786 /* IFCollectionView.swift */,
				D3D5876C2466E83E00E7A786 /* IFCollectionViewFlowLayout.swift */,
				D3D5876D2466E83E00E7A786 /* IFScrollViewBouncingManager.swift */,
				D3D5876E2466E83E00E7A786 /* IFCollectionViewCell.swift */,
			);
			path = "Collection View Controller";
			sourceTree = "<group>";
		};
		D3D587702466E83E00E7A786 /* Image */ = {
			isa = PBXGroup;
			children = (
				D3D587712466E83E00E7A786 /* IFImage.swift */,
				D3D587722466E83E00E7A786 /* IFSharingImage.swift */,
			);
			path = Image;
			sourceTree = "<group>";
		};
		D3D587732466E83E00E7A786 /* Extensions */ = {
			isa = PBXGroup;
			children = (
				D3D587742466E83E00E7A786 /* Collection+.swift */,
				D3D587752466E83E00E7A786 /* UIView+.swift */,
				D3D587762466E83E00E7A786 /* UIImage+.swift */,
			);
			path = Extensions;
			sourceTree = "<group>";
		};
		D3D587782466E83E00E7A786 /* Page View Controller */ = {
			isa = PBXGroup;
			children = (
				D3D587792466E83E00E7A786 /* IFPageViewController.swift */,
				D3D5877A2466E83E00E7A786 /* IFImageViewController.swift */,
			);
			path = "Page View Controller";
			sourceTree = "<group>";
		};
/* End PBXGroup section */

/* Begin PBXNativeTarget section */
		D386ACC52466C9F500FA77DF /* ImageUIDemo */ = {
			isa = PBXNativeTarget;
			buildConfigurationList = D386ACDA2466C9F600FA77DF /* Build configuration list for PBXNativeTarget "ImageUIDemo" */;
			buildPhases = (
				D386ACC22466C9F500FA77DF /* Sources */,
				D386ACC32466C9F500FA77DF /* Frameworks */,
				D386ACC42466C9F500FA77DF /* Resources */,
				D3D587882466E84A00E7A786 /* Embed Frameworks */,
			);
			buildRules = (
			);
			dependencies = (
			);
			name = ImageUIDemo;
			packageProductDependencies = (
			);
			productName = ImageUIDemo;
			productReference = D386ACC62466C9F500FA77DF /* ImageUIDemo.app */;
			productType = "com.apple.product-type.application";
		};
/* End PBXNativeTarget section */

/* Begin PBXProject section */
		D386ACBE2466C9F500FA77DF /* Project object */ = {
			isa = PBXProject;
			attributes = {
				LastSwiftUpdateCheck = 1140;
				LastUpgradeCheck = 1140;
				ORGANIZATIONNAME = "Alberto Saltarelli";
				TargetAttributes = {
					D386ACC52466C9F500FA77DF = {
						CreatedOnToolsVersion = 11.4.1;
					};
				};
			};
			buildConfigurationList = D386ACC12466C9F500FA77DF /* Build configuration list for PBXProject "ImageUIDemo" */;
			compatibilityVersion = "Xcode 9.3";
			developmentRegion = en;
			hasScannedForEncodings = 0;
			knownRegions = (
				en,
				Base,
			);
			mainGroup = D386ACBD2466C9F500FA77DF;
			packageReferences = (
			);
			productRefGroup = D386ACC72466C9F500FA77DF /* Products */;
			projectDirPath = "";
			projectRoot = "";
			targets = (
				D386ACC52466C9F500FA77DF /* ImageUIDemo */,
			);
		};
/* End PBXProject section */

/* Begin PBXResourcesBuildPhase section */
		D386ACC42466C9F500FA77DF /* Resources */ = {
			isa = PBXResourcesBuildPhase;
			buildActionMask = 2147483647;
			files = (
				D3C3975F2466D64300CE8527 /* Main.storyboard in Resources */,
				D3C3976A2466D7DA00CE8527 /* Image5.jpeg in Resources */,
				D3C3975D2466D63F00CE8527 /* Assets.xcassets in Resources */,
				D3C3976B2466D7DA00CE8527 /* Image2.jpeg in Resources */,
				D3C397692466D7DA00CE8527 /* Image4.jpeg in Resources */,
				D3C3976C2466D7DA00CE8527 /* Image3.jpeg in Resources */,
				D3C3975E2466D64100CE8527 /* LaunchScreen.storyboard in Resources */,
				D3C397682466D7DA00CE8527 /* Image1.jpeg in Resources */,
			);
			runOnlyForDeploymentPostprocessing = 0;
		};
/* End PBXResourcesBuildPhase section */

/* Begin PBXSourcesBuildPhase section */
		D386ACC22466C9F500FA77DF /* Sources */ = {
			isa = PBXSourcesBuildPhase;
			buildActionMask = 2147483647;
			files = (
				D3C397612466D72800CE8527 /* IFImage+Mock.swift in Sources */,
				D386ACEB2466CB2100FA77DF /* AppDelegate.swift in Sources */,
				D386ACE72466CB2100FA77DF /* ViewController.swift in Sources */,
				D386ACED2466CB2100FA77DF /* SceneDelegate.swift in Sources */,
			);
			runOnlyForDeploymentPostprocessing = 0;
		};
/* End PBXSourcesBuildPhase section */

/* Begin PBXVariantGroup section */
		D3C397532466D5E500CE8527 /* LaunchScreen.storyboard */ = {
			isa = PBXVariantGroup;
			children = (
				D3C397542466D5E500CE8527 /* Base */,
			);
			name = LaunchScreen.storyboard;
			sourceTree = "<group>";
		};
		D3C397552466D5E500CE8527 /* Main.storyboard */ = {
			isa = PBXVariantGroup;
			children = (
				D3C397562466D5E500CE8527 /* Base */,
			);
			name = Main.storyboard;
			sourceTree = "<group>";
		};
/* End PBXVariantGroup section */

/* Begin XCBuildConfiguration section */
		D386ACD82466C9F600FA77DF /* Debug */ = {
			isa = XCBuildConfiguration;
			buildSettings = {
				ALWAYS_SEARCH_USER_PATHS = NO;
				CLANG_ANALYZER_NONNULL = YES;
				CLANG_ANALYZER_NUMBER_OBJECT_CONVERSION = YES_AGGRESSIVE;
				CLANG_CXX_LANGUAGE_STANDARD = "gnu++14";
				CLANG_CXX_LIBRARY = "libc++";
				CLANG_ENABLE_MODULES = YES;
				CLANG_ENABLE_OBJC_ARC = YES;
				CLANG_ENABLE_OBJC_WEAK = YES;
				CLANG_WARN_BLOCK_CAPTURE_AUTORELEASING = YES;
				CLANG_WARN_BOOL_CONVERSION = YES;
				CLANG_WARN_COMMA = YES;
				CLANG_WARN_CONSTANT_CONVERSION = YES;
				CLANG_WARN_DEPRECATED_OBJC_IMPLEMENTATIONS = YES;
				CLANG_WARN_DIRECT_OBJC_ISA_USAGE = YES_ERROR;
				CLANG_WARN_DOCUMENTATION_COMMENTS = YES;
				CLANG_WARN_EMPTY_BODY = YES;
				CLANG_WARN_ENUM_CONVERSION = YES;
				CLANG_WARN_INFINITE_RECURSION = YES;
				CLANG_WARN_INT_CONVERSION = YES;
				CLANG_WARN_NON_LITERAL_NULL_CONVERSION = YES;
				CLANG_WARN_OBJC_IMPLICIT_RETAIN_SELF = YES;
				CLANG_WARN_OBJC_LITERAL_CONVERSION = YES;
				CLANG_WARN_OBJC_ROOT_CLASS = YES_ERROR;
				CLANG_WARN_RANGE_LOOP_ANALYSIS = YES;
				CLANG_WARN_STRICT_PROTOTYPES = YES;
				CLANG_WARN_SUSPICIOUS_MOVE = YES;
				CLANG_WARN_UNGUARDED_AVAILABILITY = YES_AGGRESSIVE;
				CLANG_WARN_UNREACHABLE_CODE = YES;
				CLANG_WARN__DUPLICATE_METHOD_MATCH = YES;
				COPY_PHASE_STRIP = NO;
				DEBUG_INFORMATION_FORMAT = dwarf;
				ENABLE_STRICT_OBJC_MSGSEND = YES;
				ENABLE_TESTABILITY = YES;
				GCC_C_LANGUAGE_STANDARD = gnu11;
				GCC_DYNAMIC_NO_PIC = NO;
				GCC_NO_COMMON_BLOCKS = YES;
				GCC_OPTIMIZATION_LEVEL = 0;
				GCC_PREPROCESSOR_DEFINITIONS = (
					"DEBUG=1",
					"$(inherited)",
				);
				GCC_WARN_64_TO_32_BIT_CONVERSION = YES;
				GCC_WARN_ABOUT_RETURN_TYPE = YES_ERROR;
				GCC_WARN_UNDECLARED_SELECTOR = YES;
				GCC_WARN_UNINITIALIZED_AUTOS = YES_AGGRESSIVE;
				GCC_WARN_UNUSED_FUNCTION = YES;
				GCC_WARN_UNUSED_VARIABLE = YES;
				IPHONEOS_DEPLOYMENT_TARGET = 11.0;
				MTL_ENABLE_DEBUG_INFO = INCLUDE_SOURCE;
				MTL_FAST_MATH = YES;
				ONLY_ACTIVE_ARCH = YES;
				SDKROOT = iphoneos;
				SWIFT_ACTIVE_COMPILATION_CONDITIONS = DEBUG;
				SWIFT_OPTIMIZATION_LEVEL = "-Onone";
			};
			name = Debug;
		};
		D386ACD92466C9F600FA77DF /* Release */ = {
			isa = XCBuildConfiguration;
			buildSettings = {
				ALWAYS_SEARCH_USER_PATHS = NO;
				CLANG_ANALYZER_NONNULL = YES;
				CLANG_ANALYZER_NUMBER_OBJECT_CONVERSION = YES_AGGRESSIVE;
				CLANG_CXX_LANGUAGE_STANDARD = "gnu++14";
				CLANG_CXX_LIBRARY = "libc++";
				CLANG_ENABLE_MODULES = YES;
				CLANG_ENABLE_OBJC_ARC = YES;
				CLANG_ENABLE_OBJC_WEAK = YES;
				CLANG_WARN_BLOCK_CAPTURE_AUTORELEASING = YES;
				CLANG_WARN_BOOL_CONVERSION = YES;
				CLANG_WARN_COMMA = YES;
				CLANG_WARN_CONSTANT_CONVERSION = YES;
				CLANG_WARN_DEPRECATED_OBJC_IMPLEMENTATIONS = YES;
				CLANG_WARN_DIRECT_OBJC_ISA_USAGE = YES_ERROR;
				CLANG_WARN_DOCUMENTATION_COMMENTS = YES;
				CLANG_WARN_EMPTY_BODY = YES;
				CLANG_WARN_ENUM_CONVERSION = YES;
				CLANG_WARN_INFINITE_RECURSION = YES;
				CLANG_WARN_INT_CONVERSION = YES;
				CLANG_WARN_NON_LITERAL_NULL_CONVERSION = YES;
				CLANG_WARN_OBJC_IMPLICIT_RETAIN_SELF = YES;
				CLANG_WARN_OBJC_LITERAL_CONVERSION = YES;
				CLANG_WARN_OBJC_ROOT_CLASS = YES_ERROR;
				CLANG_WARN_RANGE_LOOP_ANALYSIS = YES;
				CLANG_WARN_STRICT_PROTOTYPES = YES;
				CLANG_WARN_SUSPICIOUS_MOVE = YES;
				CLANG_WARN_UNGUARDED_AVAILABILITY = YES_AGGRESSIVE;
				CLANG_WARN_UNREACHABLE_CODE = YES;
				CLANG_WARN__DUPLICATE_METHOD_MATCH = YES;
				COPY_PHASE_STRIP = NO;
				DEBUG_INFORMATION_FORMAT = "dwarf-with-dsym";
				ENABLE_NS_ASSERTIONS = NO;
				ENABLE_STRICT_OBJC_MSGSEND = YES;
				GCC_C_LANGUAGE_STANDARD = gnu11;
				GCC_NO_COMMON_BLOCKS = YES;
				GCC_WARN_64_TO_32_BIT_CONVERSION = YES;
				GCC_WARN_ABOUT_RETURN_TYPE = YES_ERROR;
				GCC_WARN_UNDECLARED_SELECTOR = YES;
				GCC_WARN_UNINITIALIZED_AUTOS = YES_AGGRESSIVE;
				GCC_WARN_UNUSED_FUNCTION = YES;
				GCC_WARN_UNUSED_VARIABLE = YES;
				IPHONEOS_DEPLOYMENT_TARGET = 11.0;
				MTL_ENABLE_DEBUG_INFO = NO;
				MTL_FAST_MATH = YES;
				SDKROOT = iphoneos;
				SWIFT_COMPILATION_MODE = wholemodule;
				SWIFT_OPTIMIZATION_LEVEL = "-O";
				VALIDATE_PRODUCT = YES;
			};
			name = Release;
		};
		D386ACDB2466C9F600FA77DF /* Debug */ = {
			isa = XCBuildConfiguration;
			buildSettings = {
				ASSETCATALOG_COMPILER_APPICON_NAME = AppIcon;
				CODE_SIGN_STYLE = Manual;
				DEVELOPMENT_TEAM = "";
				INFOPLIST_FILE = "Sources/Supporting Files/Info.plist";
				LD_RUNPATH_SEARCH_PATHS = (
					"$(inherited)",
					"@executable_path/Frameworks",
				);
				PRODUCT_BUNDLE_IDENTIFIER = com.github.alberto093.ImageUIDemo;
				PRODUCT_NAME = "$(TARGET_NAME)";
				PROVISIONING_PROFILE_SPECIFIER = "";
				SWIFT_VERSION = 5.0;
				TARGETED_DEVICE_FAMILY = "1,2";
			};
			name = Debug;
		};
		D386ACDC2466C9F600FA77DF /* Release */ = {
			isa = XCBuildConfiguration;
			buildSettings = {
				ASSETCATALOG_COMPILER_APPICON_NAME = AppIcon;
				CODE_SIGN_STYLE = Manual;
				DEVELOPMENT_TEAM = "";
				INFOPLIST_FILE = "Sources/Supporting Files/Info.plist";
				LD_RUNPATH_SEARCH_PATHS = (
					"$(inherited)",
					"@executable_path/Frameworks",
				);
				PRODUCT_BUNDLE_IDENTIFIER = com.github.alberto093.ImageUIDemo;
				PRODUCT_NAME = "$(TARGET_NAME)";
				PROVISIONING_PROFILE_SPECIFIER = "";
				SWIFT_VERSION = 5.0;
				TARGETED_DEVICE_FAMILY = "1,2";
			};
			name = Release;
		};
/* End XCBuildConfiguration section */

/* Begin XCConfigurationList section */
		D386ACC12466C9F500FA77DF /* Build configuration list for PBXProject "ImageUIDemo" */ = {
			isa = XCConfigurationList;
			buildConfigurations = (
				D386ACD82466C9F600FA77DF /* Debug */,
				D386ACD92466C9F600FA77DF /* Release */,
			);
			defaultConfigurationIsVisible = 0;
			defaultConfigurationName = Release;
		};
		D386ACDA2466C9F600FA77DF /* Build configuration list for PBXNativeTarget "ImageUIDemo" */ = {
			isa = XCConfigurationList;
			buildConfigurations = (
				D386ACDB2466C9F600FA77DF /* Debug */,
				D386ACDC2466C9F600FA77DF /* Release */,
			);
			defaultConfigurationIsVisible = 0;
			defaultConfigurationName = Release;
		};
/* End XCConfigurationList section */
	};
	rootObject = D386ACBE2466C9F500FA77DF /* Project object */;
}
