{
  "object": {
    "pins": [
      {
        "package": "Nuke",
        "repositoryURL": "https://github.com/kean/Nuke.git",
        "state": {
          "branch": null,
          "revision": "6001489d22e5f41a4956c1b6cd4cf7cbe8f44dff",
          "version": "8.4.1"
        }
      }
    ]
  },
  "version": 1
}
