{
  "object": {
    "pins": [
      {
        "package": "Nuke",
        "repositoryURL": "https://github.com/kean/Nuke.git",
        "state": {
          "branch": null,
          "revision": "0d8a0dc3cca7432a6772ec546a7e5e1b20103bda",
          "version": "11.3.0"
        }
      }
    ]
  },
  "version": 1
}
