{
  "object": {
    "pins": [
      {
        "package": "Nuke",
        "repositoryURL": "https://github.com/kean/Nuke.git",
        "state": {
          "branch": null,
          "revision": "9df754fe4ca4c5abdf3376e4e9ec33b3485bf180",
          "version": "11.2.1"
        }
      }
    ]
  },
  "version": 1
}
